
Microsoft Visual Studio Solution File, Format Version 12.00
Project("{FAE04EC0-301F-11D3-BF4B-00C04F79EFBC}") = "Harvzor.Optional", "src\Harvzor.Optional\Harvzor.Optional.csproj", "{9ED9BB37-3250-4DF0-8224-FE86BAA2859A}"
EndProject
Project("{FAE04EC0-301F-11D3-BF4B-00C04F79EFBC}") = "Harvzor.Optional.NewtonsoftJson", "src\Harvzor.Optional.NewtonsoftJson\Harvzor.Optional.NewtonsoftJson.csproj", "{10E4E8D9-A35F-4A33-A88A-FBC7B6B5D24A}"
EndProject
Project("{FAE04EC0-301F-11D3-BF4B-00C04F79EFBC}") = "Harvzor.Optional.SystemTextJson", "src\Harvzor.Optional.SystemTextJson\Harvzor.Optional.SystemTextJson.csproj", "{2CBE9D90-F193-4019-AB88-44C4C51D175C}"
EndProject
Project("{2150E333-8FDC-42A3-9474-1A3956D46DE8}") = "src", "src", "{0DC0E672-7784-4D81-8A18-C415472AC595}"
EndProject
Project("{2150E333-8FDC-42A3-9474-1A3956D46DE8}") = "examples", "examples", "{014F5435-D1FE-4CDE-B116-97F5C0E840FD}"
EndProject
Project("{FAE04EC0-301F-11D3-BF4B-00C04F79EFBC}") = "Harvzor.Optional.SystemTextJson.WebExample", "examples\Harvzor.Optional.SystemTextJson.WebExample\Harvzor.Optional.SystemTextJson.WebExample.csproj", "{3D32BE33-BB08-4383-9E63-C00709B311F2}"
EndProject
Project("{FAE04EC0-301F-11D3-BF4B-00C04F79EFBC}") = "Harvzor.Optional.SystemTextJson.JsonExample", "examples\Harvzor.Optional.SystemTextJson.JsonExample\Harvzor.Optional.SystemTextJson.JsonExample.csproj", "{F092042B-25D5-499E-AFF4-9DECFF4F32EC}"
EndProject
Project("{FAE04EC0-301F-11D3-BF4B-00C04F79EFBC}") = "Harvzor.Optional.BasicExample", "examples\Harvzor.Optional.BasicExample\Harvzor.Optional.BasicExample.csproj", "{ED575BCA-72D6-47D2-9D67-6DBB01F3A8A2}"
EndProject
Project("{FAE04EC0-301F-11D3-BF4B-00C04F79EFBC}") = "Harvzor.Optional.NewtonsoftJson.JsonExample", "examples\Harvzor.Optional.NewtonsoftJson.JsonExample\Harvzor.Optional.NewtonsoftJson.JsonExample.csproj", "{AF118196-A2FB-4F4F-B45D-E38A5B1DC632}"
EndProject
Project("{FAE04EC0-301F-11D3-BF4B-00C04F79EFBC}") = "Harvzor.Optional.NewtonsoftJson.WebExample", "examples\Harvzor.Optional.NewtonsoftJson.WebExample\Harvzor.Optional.NewtonsoftJson.WebExample.csproj", "{0DF9E8A3-F9D6-43FD-AC68-5383B23B5631}"
EndProject
Project("{FAE04EC0-301F-11D3-BF4B-00C04F79EFBC}") = "Harvzor.Optional.Tests", "tests\Harvzor.Optional.Tests\Harvzor.Optional.Tests.csproj", "{2B457CA8-134D-4E5B-9C58-D6C9F396BAA0}"
EndProject
Project("{2150E333-8FDC-42A3-9474-1A3956D46DE8}") = "tests", "tests", "{A8A8C7B4-D30A-49F8-8F0F-D2CDB88EDE53}"
EndProject
Project("{FAE04EC0-301F-11D3-BF4B-00C04F79EFBC}") = "Harvzor.Optional.NewtonsoftJson.Tests", "tests\Harvzor.Optional.NewtonsoftJson.Tests\Harvzor.Optional.NewtonsoftJson.Tests.csproj", "{22F65313-6A49-408E-8603-DE267698FCC2}"
EndProject
Project("{FAE04EC0-301F-11D3-BF4B-00C04F79EFBC}") = "Harvzor.Optional.SystemTextJson.Tests", "tests\Harvzor.Optional.SystemTextJson.Tests\Harvzor.Optional.SystemTextJson.Tests.csproj", "{990ADC1B-BAAB-4170-B17F-BBED94FDD6DB}"
EndProject
Project("{FAE04EC0-301F-11D3-BF4B-00C04F79EFBC}") = "Harvzor.Optional.JsonConverter.BaseTests", "tests\Harvzor.Optional.JsonConverter.BaseTests\Harvzor.Optional.JsonConverter.BaseTests.csproj", "{4257F779-067E-4EF8-9B56-DACCBA996357}"
EndProject
Project("{FAE04EC0-301F-11D3-BF4B-00C04F79EFBC}") = "Harvzor.Optional.Swashbuckle", "src\Harvzor.Optional.Swashbuckle\Harvzor.Optional.Swashbuckle.csproj", "{3BFA9880-A29C-444D-9F94-633FE0901CFE}"
EndProject
Project("{FAE04EC0-301F-11D3-BF4B-00C04F79EFBC}") = "Harvzor.Optional.Swashbuckle.Tests", "tests\Harvzor.Optional.Swashbuckle.Tests\Harvzor.Optional.Swashbuckle.Tests.csproj", "{171F8BB6-1167-4553-9E4B-BEC33E75DC4F}"
EndProject
Project("{FAE04EC0-301F-11D3-BF4B-00C04F79EFBC}") = "Harvzor.Optional.SystemTextJson.OpenApi.WebExample", "examples\Harvzor.Optional.SystemTextJson.OpenApi.WebExample\Harvzor.Optional.SystemTextJson.OpenApi.WebExample.csproj", "{90DBBDAA-726B-497F-99D2-569EE2661746}"
EndProject
Global
	GlobalSection(SolutionConfigurationPlatforms) = preSolution
		Debug|Any CPU = Debug|Any CPU
		Release|Any CPU = Release|Any CPU
	EndGlobalSection
	GlobalSection(ProjectConfigurationPlatforms) = postSolution
		{9ED9BB37-3250-4DF0-8224-FE86BAA2859A}.Debug|Any CPU.ActiveCfg = Debug|Any CPU
		{9ED9BB37-3250-4DF0-8224-FE86BAA2859A}.Debug|Any CPU.Build.0 = Debug|Any CPU
		{9ED9BB37-3250-4DF0-8224-FE86BAA2859A}.Release|Any CPU.ActiveCfg = Release|Any CPU
		{9ED9BB37-3250-4DF0-8224-FE86BAA2859A}.Release|Any CPU.Build.0 = Release|Any CPU
		{10E4E8D9-A35F-4A33-A88A-FBC7B6B5D24A}.Debug|Any CPU.ActiveCfg = Debug|Any CPU
		{10E4E8D9-A35F-4A33-A88A-FBC7B6B5D24A}.Debug|Any CPU.Build.0 = Debug|Any CPU
		{10E4E8D9-A35F-4A33-A88A-FBC7B6B5D24A}.Release|Any CPU.ActiveCfg = Release|Any CPU
		{10E4E8D9-A35F-4A33-A88A-FBC7B6B5D24A}.Release|Any CPU.Build.0 = Release|Any CPU
		{2CBE9D90-F193-4019-AB88-44C4C51D175C}.Debug|Any CPU.ActiveCfg = Debug|Any CPU
		{2CBE9D90-F193-4019-AB88-44C4C51D175C}.Debug|Any CPU.Build.0 = Debug|Any CPU
		{2CBE9D90-F193-4019-AB88-44C4C51D175C}.Release|Any CPU.ActiveCfg = Release|Any CPU
		{2CBE9D90-F193-4019-AB88-44C4C51D175C}.Release|Any CPU.Build.0 = Release|Any CPU
		{3D32BE33-BB08-4383-9E63-C00709B311F2}.Debug|Any CPU.ActiveCfg = Debug|Any CPU
		{3D32BE33-BB08-4383-9E63-C00709B311F2}.Debug|Any CPU.Build.0 = Debug|Any CPU
		{3D32BE33-BB08-4383-9E63-C00709B311F2}.Release|Any CPU.ActiveCfg = Release|Any CPU
		{3D32BE33-BB08-4383-9E63-C00709B311F2}.Release|Any CPU.Build.0 = Release|Any CPU
		{F092042B-25D5-499E-AFF4-9DECFF4F32EC}.Debug|Any CPU.ActiveCfg = Debug|Any CPU
		{F092042B-25D5-499E-AFF4-9DECFF4F32EC}.Debug|Any CPU.Build.0 = Debug|Any CPU
		{F092042B-25D5-499E-AFF4-9DECFF4F32EC}.Release|Any CPU.ActiveCfg = Release|Any CPU
		{F092042B-25D5-499E-AFF4-9DECFF4F32EC}.Release|Any CPU.Build.0 = Release|Any CPU
		{ED575BCA-72D6-47D2-9D67-6DBB01F3A8A2}.Debug|Any CPU.ActiveCfg = Debug|Any CPU
		{ED575BCA-72D6-47D2-9D67-6DBB01F3A8A2}.Debug|Any CPU.Build.0 = Debug|Any CPU
		{ED575BCA-72D6-47D2-9D67-6DBB01F3A8A2}.Release|Any CPU.ActiveCfg = Release|Any CPU
		{ED575BCA-72D6-47D2-9D67-6DBB01F3A8A2}.Release|Any CPU.Build.0 = Release|Any CPU
		{AF118196-A2FB-4F4F-B45D-E38A5B1DC632}.Debug|Any CPU.ActiveCfg = Debug|Any CPU
		{AF118196-A2FB-4F4F-B45D-E38A5B1DC632}.Debug|Any CPU.Build.0 = Debug|Any CPU
		{AF118196-A2FB-4F4F-B45D-E38A5B1DC632}.Release|Any CPU.ActiveCfg = Release|Any CPU
		{AF118196-A2FB-4F4F-B45D-E38A5B1DC632}.Release|Any CPU.Build.0 = Release|Any CPU
		{0DF9E8A3-F9D6-43FD-AC68-5383B23B5631}.Debug|Any CPU.ActiveCfg = Debug|Any CPU
		{0DF9E8A3-F9D6-43FD-AC68-5383B23B5631}.Debug|Any CPU.Build.0 = Debug|Any CPU
		{0DF9E8A3-F9D6-43FD-AC68-5383B23B5631}.Release|Any CPU.ActiveCfg = Release|Any CPU
		{0DF9E8A3-F9D6-43FD-AC68-5383B23B5631}.Release|Any CPU.Build.0 = Release|Any CPU
		{2B457CA8-134D-4E5B-9C58-D6C9F396BAA0}.Debug|Any CPU.ActiveCfg = Debug|Any CPU
		{2B457CA8-134D-4E5B-9C58-D6C9F396BAA0}.Debug|Any CPU.Build.0 = Debug|Any CPU
		{2B457CA8-134D-4E5B-9C58-D6C9F396BAA0}.Release|Any CPU.ActiveCfg = Release|Any CPU
		{2B457CA8-134D-4E5B-9C58-D6C9F396BAA0}.Release|Any CPU.Build.0 = Release|Any CPU
		{22F65313-6A49-408E-8603-DE267698FCC2}.Debug|Any CPU.ActiveCfg = Debug|Any CPU
		{22F65313-6A49-408E-8603-DE267698FCC2}.Debug|Any CPU.Build.0 = Debug|Any CPU
		{22F65313-6A49-408E-8603-DE267698FCC2}.Release|Any CPU.ActiveCfg = Release|Any CPU
		{22F65313-6A49-408E-8603-DE267698FCC2}.Release|Any CPU.Build.0 = Release|Any CPU
		{990ADC1B-BAAB-4170-B17F-BBED94FDD6DB}.Debug|Any CPU.ActiveCfg = Debug|Any CPU
		{990ADC1B-BAAB-4170-B17F-BBED94FDD6DB}.Debug|Any CPU.Build.0 = Debug|Any CPU
		{990ADC1B-BAAB-4170-B17F-BBED94FDD6DB}.Release|Any CPU.ActiveCfg = Release|Any CPU
		{990ADC1B-BAAB-4170-B17F-BBED94FDD6DB}.Release|Any CPU.Build.0 = Release|Any CPU
		{4257F779-067E-4EF8-9B56-DACCBA996357}.Debug|Any CPU.ActiveCfg = Debug|Any CPU
		{4257F779-067E-4EF8-9B56-DACCBA996357}.Debug|Any CPU.Build.0 = Debug|Any CPU
		{4257F779-067E-4EF8-9B56-DACCBA996357}.Release|Any CPU.ActiveCfg = Release|Any CPU
		{4257F779-067E-4EF8-9B56-DACCBA996357}.Release|Any CPU.Build.0 = Release|Any CPU
		{3BFA9880-A29C-444D-9F94-633FE0901CFE}.Debug|Any CPU.ActiveCfg = Debug|Any CPU
		{3BFA9880-A29C-444D-9F94-633FE0901CFE}.Debug|Any CPU.Build.0 = Debug|Any CPU
		{3BFA9880-A29C-444D-9F94-633FE0901CFE}.Release|Any CPU.ActiveCfg = Release|Any CPU
		{3BFA9880-A29C-444D-9F94-633FE0901CFE}.Release|Any CPU.Build.0 = Release|Any CPU
		{171F8BB6-1167-4553-9E4B-BEC33E75DC4F}.Debug|Any CPU.ActiveCfg = Debug|Any CPU
		{171F8BB6-1167-4553-9E4B-BEC33E75DC4F}.Debug|Any CPU.Build.0 = Debug|Any CPU
		{171F8BB6-1167-4553-9E4B-BEC33E75DC4F}.Release|Any CPU.ActiveCfg = Release|Any CPU
		{171F8BB6-1167-4553-9E4B-BEC33E75DC4F}.Release|Any CPU.Build.0 = Release|Any CPU
		{90DBBDAA-726B-497F-99D2-569EE2661746}.Debug|Any CPU.ActiveCfg = Debug|Any CPU
		{90DBBDAA-726B-497F-99D2-569EE2661746}.Debug|Any CPU.Build.0 = Debug|Any CPU
		{90DBBDAA-726B-497F-99D2-569EE2661746}.Release|Any CPU.ActiveCfg = Release|Any CPU
		{90DBBDAA-726B-497F-99D2-569EE2661746}.Release|Any CPU.Build.0 = Release|Any CPU
	EndGlobalSection
	GlobalSection(NestedProjects) = preSolution
		{9ED9BB37-3250-4DF0-8224-FE86BAA2859A} = {0DC0E672-7784-4D81-8A18-C415472AC595}
		{10E4E8D9-A35F-4A33-A88A-FBC7B6B5D24A} = {0DC0E672-7784-4D81-8A18-C415472AC595}
		{2CBE9D90-F193-4019-AB88-44C4C51D175C} = {0DC0E672-7784-4D81-8A18-C415472AC595}
		{3D32BE33-BB08-4383-9E63-C00709B311F2} = {014F5435-D1FE-4CDE-B116-97F5C0E840FD}
		{F092042B-25D5-499E-AFF4-9DECFF4F32EC} = {014F5435-D1FE-4CDE-B116-97F5C0E840FD}
		{ED575BCA-72D6-47D2-9D67-6DBB01F3A8A2} = {014F5435-D1FE-4CDE-B116-97F5C0E840FD}
		{AF118196-A2FB-4F4F-B45D-E38A5B1DC632} = {014F5435-D1FE-4CDE-B116-97F5C0E840FD}
		{0DF9E8A3-F9D6-43FD-AC68-5383B23B5631} = {014F5435-D1FE-4CDE-B116-97F5C0E840FD}
		{2B457CA8-134D-4E5B-9C58-D6C9F396BAA0} = {A8A8C7B4-D30A-49F8-8F0F-D2CDB88EDE53}
		{22F65313-6A49-408E-8603-DE267698FCC2} = {A8A8C7B4-D30A-49F8-8F0F-D2CDB88EDE53}
		{990ADC1B-BAAB-4170-B17F-BBED94FDD6DB} = {A8A8C7B4-D30A-49F8-8F0F-D2CDB88EDE53}
		{4257F779-067E-4EF8-9B56-DACCBA996357} = {A8A8C7B4-D30A-49F8-8F0F-D2CDB88EDE53}
		{3BFA9880-A29C-444D-9F94-633FE0901CFE} = {0DC0E672-7784-4D81-8A18-C415472AC595}
		{171F8BB6-1167-4553-9E4B-BEC33E75DC4F} = {A8A8C7B4-D30A-49F8-8F0F-D2CDB88EDE53}
		{90DBBDAA-726B-497F-99D2-569EE2661746} = {014F5435-D1FE-4CDE-B116-97F5C0E840FD}
	EndGlobalSection
EndGlobal
